
Microsoft Visual Studio Solution File, Format Version 12.00
# Visual Studio 15
VisualStudioVersion = 15.0.28307.572
MinimumVisualStudioVersion = 10.0.40219.1
Project("{FAE04EC0-301F-11D3-BF4B-00C04F79EFBC}") = "EgeStore", "EgeStore\EgeStore.csproj", "{D08C9C44-80A8-4834-A5C5-731191A8C0FA}"
EndProject
Global
	GlobalSection(SolutionConfigurationPlatforms) = preSolution
		Debug|Any CPU = Debug|Any CPU
		Release|Any CPU = Release|Any CPU
	EndGlobalSection
	GlobalSection(ProjectConfigurationPlatforms) = postSolution
		{D08C9C44-80A8-4834-A5C5-731191A8C0FA}.Debug|Any CPU.ActiveCfg = Debug|Any CPU
		{D08C9C44-80A8-4834-A5C5-731191A8C0FA}.Debug|Any CPU.Build.0 = Debug|Any CPU
		{D08C9C44-80A8-4834-A5C5-731191A8C0FA}.Release|Any CPU.ActiveCfg = Release|Any CPU
		{D08C9C44-80A8-4834-A5C5-731191A8C0FA}.Release|Any CPU.Build.0 = Release|Any CPU
	EndGlobalSection
	GlobalSection(SolutionProperties) = preSolution
		HideSolutionNode = FALSE
	EndGlobalSection
	GlobalSection(ExtensibilityGlobals) = postSolution
		SolutionGuid = {39D37975-E41F-433A-81F4-E533C0AAC141}
	EndGlobalSection
EndGlobal
